
Microsoft Visual Studio Solution File, Format Version 12.00
# Visual Studio 2012
Project("{FAE04EC0-301F-11D3-BF4B-00C04F79EFBC}") = "mrofElbatrop000", "mrofElbatrop000\mrofElbatrop000.csproj", "{2725B7C5-12C8-4A71-BB4A-071B7A4164D1}"
EndProject
Project("{FAE04EC0-301F-11D3-BF4B-00C04F79EFBC}") = "mrofElbatrop000.iOS", "iOS\mrofElbatrop000.iOS.csproj", "{D1AAFCD0-F103-444F-9E38-C7DD27AAFA4D}"
EndProject
Project("{FAE04EC0-301F-11D3-BF4B-00C04F79EFBC}") = "mrofElbatrop000.Droid", "Droid\mrofElbatrop000.Droid.csproj", "{15153795-5090-461F-844E-D8BB9A0561B2}"
EndProject
Global
	GlobalSection(SolutionConfigurationPlatforms) = preSolution
		Debug|Any CPU = Debug|Any CPU
		Release|Any CPU = Release|Any CPU
		Debug|iPhoneSimulator = Debug|iPhoneSimulator
		Release|iPhoneSimulator = Release|iPhoneSimulator
		Debug|iPhone = Debug|iPhone
		Release|iPhone = Release|iPhone
		Ad-Hoc|iPhone = Ad-Hoc|iPhone
		AppStore|iPhone = AppStore|iPhone
	EndGlobalSection
	GlobalSection(ProjectConfigurationPlatforms) = postSolution
		{15153795-5090-461F-844E-D8BB9A0561B2}.Ad-Hoc|iPhone.ActiveCfg = Release|Any CPU
		{15153795-5090-461F-844E-D8BB9A0561B2}.Ad-Hoc|iPhone.Build.0 = Release|Any CPU
		{15153795-5090-461F-844E-D8BB9A0561B2}.AppStore|iPhone.ActiveCfg = Release|Any CPU
		{15153795-5090-461F-844E-D8BB9A0561B2}.AppStore|iPhone.Build.0 = Release|Any CPU
		{15153795-5090-461F-844E-D8BB9A0561B2}.Debug|Any CPU.ActiveCfg = Debug|Any CPU
		{15153795-5090-461F-844E-D8BB9A0561B2}.Debug|Any CPU.Build.0 = Debug|Any CPU
		{15153795-5090-461F-844E-D8BB9A0561B2}.Debug|iPhone.ActiveCfg = Debug|Any CPU
		{15153795-5090-461F-844E-D8BB9A0561B2}.Debug|iPhone.Build.0 = Debug|Any CPU
		{15153795-5090-461F-844E-D8BB9A0561B2}.Debug|iPhoneSimulator.ActiveCfg = Debug|Any CPU
		{15153795-5090-461F-844E-D8BB9A0561B2}.Debug|iPhoneSimulator.Build.0 = Debug|Any CPU
		{15153795-5090-461F-844E-D8BB9A0561B2}.Release|Any CPU.ActiveCfg = Release|Any CPU
		{15153795-5090-461F-844E-D8BB9A0561B2}.Release|Any CPU.Build.0 = Release|Any CPU
		{15153795-5090-461F-844E-D8BB9A0561B2}.Release|iPhone.ActiveCfg = Release|Any CPU
		{15153795-5090-461F-844E-D8BB9A0561B2}.Release|iPhone.Build.0 = Release|Any CPU
		{15153795-5090-461F-844E-D8BB9A0561B2}.Release|iPhoneSimulator.ActiveCfg = Release|Any CPU
		{15153795-5090-461F-844E-D8BB9A0561B2}.Release|iPhoneSimulator.Build.0 = Release|Any CPU
		{2725B7C5-12C8-4A71-BB4A-071B7A4164D1}.Ad-Hoc|iPhone.ActiveCfg = Debug|Any CPU
		{2725B7C5-12C8-4A71-BB4A-071B7A4164D1}.Ad-Hoc|iPhone.Build.0 = Debug|Any CPU
		{2725B7C5-12C8-4A71-BB4A-071B7A4164D1}.AppStore|iPhone.ActiveCfg = Debug|Any CPU
		{2725B7C5-12C8-4A71-BB4A-071B7A4164D1}.AppStore|iPhone.Build.0 = Debug|Any CPU
		{2725B7C5-12C8-4A71-BB4A-071B7A4164D1}.Debug|Any CPU.ActiveCfg = Debug|Any CPU
		{2725B7C5-12C8-4A71-BB4A-071B7A4164D1}.Debug|Any CPU.Build.0 = Debug|Any CPU
		{2725B7C5-12C8-4A71-BB4A-071B7A4164D1}.Debug|iPhone.ActiveCfg = Debug|Any CPU
		{2725B7C5-12C8-4A71-BB4A-071B7A4164D1}.Debug|iPhone.Build.0 = Debug|Any CPU
		{2725B7C5-12C8-4A71-BB4A-071B7A4164D1}.Debug|iPhoneSimulator.ActiveCfg = Debug|Any CPU
		{2725B7C5-12C8-4A71-BB4A-071B7A4164D1}.Debug|iPhoneSimulator.Build.0 = Debug|Any CPU
		{2725B7C5-12C8-4A71-BB4A-071B7A4164D1}.Release|Any CPU.ActiveCfg = Release|Any CPU
		{2725B7C5-12C8-4A71-BB4A-071B7A4164D1}.Release|Any CPU.Build.0 = Release|Any CPU
		{2725B7C5-12C8-4A71-BB4A-071B7A4164D1}.Release|iPhone.ActiveCfg = Release|Any CPU
		{2725B7C5-12C8-4A71-BB4A-071B7A4164D1}.Release|iPhone.Build.0 = Release|Any CPU
		{2725B7C5-12C8-4A71-BB4A-071B7A4164D1}.Release|iPhoneSimulator.ActiveCfg = Release|Any CPU
		{2725B7C5-12C8-4A71-BB4A-071B7A4164D1}.Release|iPhoneSimulator.Build.0 = Release|Any CPU
		{D1AAFCD0-F103-444F-9E38-C7DD27AAFA4D}.Ad-Hoc|iPhone.ActiveCfg = Ad-Hoc|iPhone
		{D1AAFCD0-F103-444F-9E38-C7DD27AAFA4D}.Ad-Hoc|iPhone.Build.0 = Ad-Hoc|iPhone
		{D1AAFCD0-F103-444F-9E38-C7DD27AAFA4D}.AppStore|iPhone.ActiveCfg = AppStore|iPhone
		{D1AAFCD0-F103-444F-9E38-C7DD27AAFA4D}.AppStore|iPhone.Build.0 = AppStore|iPhone
		{D1AAFCD0-F103-444F-9E38-C7DD27AAFA4D}.Debug|Any CPU.ActiveCfg = Debug|iPhoneSimulator
		{D1AAFCD0-F103-444F-9E38-C7DD27AAFA4D}.Debug|Any CPU.Build.0 = Debug|iPhoneSimulator
		{D1AAFCD0-F103-444F-9E38-C7DD27AAFA4D}.Debug|iPhone.ActiveCfg = Debug|iPhone
		{D1AAFCD0-F103-444F-9E38-C7DD27AAFA4D}.Debug|iPhone.Build.0 = Debug|iPhone
		{D1AAFCD0-F103-444F-9E38-C7DD27AAFA4D}.Debug|iPhoneSimulator.ActiveCfg = Debug|iPhoneSimulator
		{D1AAFCD0-F103-444F-9E38-C7DD27AAFA4D}.Debug|iPhoneSimulator.Build.0 = Debug|iPhoneSimulator
		{D1AAFCD0-F103-444F-9E38-C7DD27AAFA4D}.Release|Any CPU.ActiveCfg = Release|iPhoneSimulator
		{D1AAFCD0-F103-444F-9E38-C7DD27AAFA4D}.Release|Any CPU.Build.0 = Release|iPhoneSimulator
		{D1AAFCD0-F103-444F-9E38-C7DD27AAFA4D}.Release|iPhone.ActiveCfg = Release|iPhone
		{D1AAFCD0-F103-444F-9E38-C7DD27AAFA4D}.Release|iPhone.Build.0 = Release|iPhone
		{D1AAFCD0-F103-444F-9E38-C7DD27AAFA4D}.Release|iPhoneSimulator.ActiveCfg = Release|iPhoneSimulator
		{D1AAFCD0-F103-444F-9E38-C7DD27AAFA4D}.Release|iPhoneSimulator.Build.0 = Release|iPhoneSimulator
	EndGlobalSection
EndGlobal
