
Microsoft Visual Studio Solution File, Format Version 12.00
# Visual Studio 2012
Project("{f2a71f9b-5d33-465a-a702-920d77279786}") = "Consoling000", "Consoling000\Consoling000.fsproj", "{4BC86FF5-4862-44F7-9439-8F977913FE85}"
EndProject
Global
	GlobalSection(SolutionConfigurationPlatforms) = preSolution
		Debug|x86 = Debug|x86
		Release|x86 = Release|x86
	EndGlobalSection
	GlobalSection(ProjectConfigurationPlatforms) = postSolution
		{4BC86FF5-4862-44F7-9439-8F977913FE85}.Debug|x86.ActiveCfg = Debug|x86
		{4BC86FF5-4862-44F7-9439-8F977913FE85}.Debug|x86.Build.0 = Debug|x86
		{4BC86FF5-4862-44F7-9439-8F977913FE85}.Release|x86.ActiveCfg = Release|x86
		{4BC86FF5-4862-44F7-9439-8F977913FE85}.Release|x86.Build.0 = Release|x86
	EndGlobalSection
	GlobalSection(MonoDevelopProperties) = preSolution
		StartupItem = Consoling000\Consoling000.fsproj
	EndGlobalSection
EndGlobal
