
Microsoft Visual Studio Solution File, Format Version 12.00
# Visual Studio 2012
Project("{FAE04EC0-301F-11D3-BF4B-00C04F79EFBC}") = "macXamPortForm000", "macXamPortForm000\macXamPortForm000.csproj", "{83AFB1DD-629F-4ABF-B860-477B0C087F42}"
EndProject
Project("{FAE04EC0-301F-11D3-BF4B-00C04F79EFBC}") = "macXamPortForm000.iOS", "iOS\macXamPortForm000.iOS.csproj", "{8E98AA56-D602-45FE-B501-7C3543A61FA1}"
EndProject
Project("{FAE04EC0-301F-11D3-BF4B-00C04F79EFBC}") = "macXamPortForm000.Droid", "Droid\macXamPortForm000.Droid.csproj", "{B1826801-036E-4A77-8A8C-B9E6E4FD53C4}"
EndProject
Global
	GlobalSection(SolutionConfigurationPlatforms) = preSolution
		Debug|Any CPU = Debug|Any CPU
		Release|Any CPU = Release|Any CPU
		Debug|iPhoneSimulator = Debug|iPhoneSimulator
		Release|iPhoneSimulator = Release|iPhoneSimulator
		Debug|iPhone = Debug|iPhone
		Release|iPhone = Release|iPhone
		Ad-Hoc|iPhone = Ad-Hoc|iPhone
		AppStore|iPhone = AppStore|iPhone
	EndGlobalSection
	GlobalSection(ProjectConfigurationPlatforms) = postSolution
		{83AFB1DD-629F-4ABF-B860-477B0C087F42}.Ad-Hoc|iPhone.ActiveCfg = Debug|Any CPU
		{83AFB1DD-629F-4ABF-B860-477B0C087F42}.Ad-Hoc|iPhone.Build.0 = Debug|Any CPU
		{83AFB1DD-629F-4ABF-B860-477B0C087F42}.AppStore|iPhone.ActiveCfg = Debug|Any CPU
		{83AFB1DD-629F-4ABF-B860-477B0C087F42}.AppStore|iPhone.Build.0 = Debug|Any CPU
		{83AFB1DD-629F-4ABF-B860-477B0C087F42}.Debug|Any CPU.ActiveCfg = Debug|Any CPU
		{83AFB1DD-629F-4ABF-B860-477B0C087F42}.Debug|Any CPU.Build.0 = Debug|Any CPU
		{83AFB1DD-629F-4ABF-B860-477B0C087F42}.Debug|iPhone.ActiveCfg = Debug|Any CPU
		{83AFB1DD-629F-4ABF-B860-477B0C087F42}.Debug|iPhone.Build.0 = Debug|Any CPU
		{83AFB1DD-629F-4ABF-B860-477B0C087F42}.Debug|iPhoneSimulator.ActiveCfg = Debug|Any CPU
		{83AFB1DD-629F-4ABF-B860-477B0C087F42}.Debug|iPhoneSimulator.Build.0 = Debug|Any CPU
		{83AFB1DD-629F-4ABF-B860-477B0C087F42}.Release|Any CPU.ActiveCfg = Release|Any CPU
		{83AFB1DD-629F-4ABF-B860-477B0C087F42}.Release|Any CPU.Build.0 = Release|Any CPU
		{83AFB1DD-629F-4ABF-B860-477B0C087F42}.Release|iPhone.ActiveCfg = Release|Any CPU
		{83AFB1DD-629F-4ABF-B860-477B0C087F42}.Release|iPhone.Build.0 = Release|Any CPU
		{83AFB1DD-629F-4ABF-B860-477B0C087F42}.Release|iPhoneSimulator.ActiveCfg = Release|Any CPU
		{83AFB1DD-629F-4ABF-B860-477B0C087F42}.Release|iPhoneSimulator.Build.0 = Release|Any CPU
		{8E98AA56-D602-45FE-B501-7C3543A61FA1}.Ad-Hoc|iPhone.ActiveCfg = Ad-Hoc|iPhone
		{8E98AA56-D602-45FE-B501-7C3543A61FA1}.Ad-Hoc|iPhone.Build.0 = Ad-Hoc|iPhone
		{8E98AA56-D602-45FE-B501-7C3543A61FA1}.AppStore|iPhone.ActiveCfg = AppStore|iPhone
		{8E98AA56-D602-45FE-B501-7C3543A61FA1}.AppStore|iPhone.Build.0 = AppStore|iPhone
		{8E98AA56-D602-45FE-B501-7C3543A61FA1}.Debug|Any CPU.ActiveCfg = Debug|iPhoneSimulator
		{8E98AA56-D602-45FE-B501-7C3543A61FA1}.Debug|Any CPU.Build.0 = Debug|iPhoneSimulator
		{8E98AA56-D602-45FE-B501-7C3543A61FA1}.Debug|iPhone.ActiveCfg = Debug|iPhone
		{8E98AA56-D602-45FE-B501-7C3543A61FA1}.Debug|iPhone.Build.0 = Debug|iPhone
		{8E98AA56-D602-45FE-B501-7C3543A61FA1}.Debug|iPhoneSimulator.ActiveCfg = Debug|iPhoneSimulator
		{8E98AA56-D602-45FE-B501-7C3543A61FA1}.Debug|iPhoneSimulator.Build.0 = Debug|iPhoneSimulator
		{8E98AA56-D602-45FE-B501-7C3543A61FA1}.Release|Any CPU.ActiveCfg = Release|iPhoneSimulator
		{8E98AA56-D602-45FE-B501-7C3543A61FA1}.Release|Any CPU.Build.0 = Release|iPhoneSimulator
		{8E98AA56-D602-45FE-B501-7C3543A61FA1}.Release|iPhone.ActiveCfg = Release|iPhone
		{8E98AA56-D602-45FE-B501-7C3543A61FA1}.Release|iPhone.Build.0 = Release|iPhone
		{8E98AA56-D602-45FE-B501-7C3543A61FA1}.Release|iPhoneSimulator.ActiveCfg = Release|iPhoneSimulator
		{8E98AA56-D602-45FE-B501-7C3543A61FA1}.Release|iPhoneSimulator.Build.0 = Release|iPhoneSimulator
		{B1826801-036E-4A77-8A8C-B9E6E4FD53C4}.Ad-Hoc|iPhone.ActiveCfg = Release|Any CPU
		{B1826801-036E-4A77-8A8C-B9E6E4FD53C4}.Ad-Hoc|iPhone.Build.0 = Release|Any CPU
		{B1826801-036E-4A77-8A8C-B9E6E4FD53C4}.AppStore|iPhone.ActiveCfg = Release|Any CPU
		{B1826801-036E-4A77-8A8C-B9E6E4FD53C4}.AppStore|iPhone.Build.0 = Release|Any CPU
		{B1826801-036E-4A77-8A8C-B9E6E4FD53C4}.Debug|Any CPU.ActiveCfg = Debug|Any CPU
		{B1826801-036E-4A77-8A8C-B9E6E4FD53C4}.Debug|Any CPU.Build.0 = Debug|Any CPU
		{B1826801-036E-4A77-8A8C-B9E6E4FD53C4}.Debug|iPhone.ActiveCfg = Debug|Any CPU
		{B1826801-036E-4A77-8A8C-B9E6E4FD53C4}.Debug|iPhone.Build.0 = Debug|Any CPU
		{B1826801-036E-4A77-8A8C-B9E6E4FD53C4}.Debug|iPhoneSimulator.ActiveCfg = Debug|Any CPU
		{B1826801-036E-4A77-8A8C-B9E6E4FD53C4}.Debug|iPhoneSimulator.Build.0 = Debug|Any CPU
		{B1826801-036E-4A77-8A8C-B9E6E4FD53C4}.Release|Any CPU.ActiveCfg = Release|Any CPU
		{B1826801-036E-4A77-8A8C-B9E6E4FD53C4}.Release|Any CPU.Build.0 = Release|Any CPU
		{B1826801-036E-4A77-8A8C-B9E6E4FD53C4}.Release|iPhone.ActiveCfg = Release|Any CPU
		{B1826801-036E-4A77-8A8C-B9E6E4FD53C4}.Release|iPhone.Build.0 = Release|Any CPU
		{B1826801-036E-4A77-8A8C-B9E6E4FD53C4}.Release|iPhoneSimulator.ActiveCfg = Release|Any CPU
		{B1826801-036E-4A77-8A8C-B9E6E4FD53C4}.Release|iPhoneSimulator.Build.0 = Release|Any CPU
	EndGlobalSection
EndGlobal
